
Microsoft Visual Studio Solution File, Format Version 12.00
# Visual Studio Version 16
VisualStudioVersion = 16.0.28803.352
MinimumVisualStudioVersion = 10.0.40219.1
Project("{FAE04EC0-301F-11D3-BF4B-00C04F79EFBC}") = "APIDemoWithSQLServer", "APIDemoWithSQLServer\APIDemoWithSQLServer.csproj", "{69821CD9-9B3F-44F7-A858-BB3481B955CF}"
EndProject
Project("{FAE04EC0-301F-11D3-BF4B-00C04F79EFBC}") = "EmployeeDBAccess", "EmployeeDBAccess\EmployeeDBAccess.csproj", "{4C32CA2B-C97B-4CFF-A763-4E7CB6E041B1}"
EndProject
Global
	GlobalSection(SolutionConfigurationPlatforms) = preSolution
		Debug|Any CPU = Debug|Any CPU
		Release|Any CPU = Release|Any CPU
	EndGlobalSection
	GlobalSection(ProjectConfigurationPlatforms) = postSolution
		{69821CD9-9B3F-44F7-A858-BB3481B955CF}.Debug|Any CPU.ActiveCfg = Debug|Any CPU
		{69821CD9-9B3F-44F7-A858-BB3481B955CF}.Debug|Any CPU.Build.0 = Debug|Any CPU
		{69821CD9-9B3F-44F7-A858-BB3481B955CF}.Release|Any CPU.ActiveCfg = Release|Any CPU
		{69821CD9-9B3F-44F7-A858-BB3481B955CF}.Release|Any CPU.Build.0 = Release|Any CPU
		{4C32CA2B-C97B-4CFF-A763-4E7CB6E041B1}.Debug|Any CPU.ActiveCfg = Debug|Any CPU
		{4C32CA2B-C97B-4CFF-A763-4E7CB6E041B1}.Debug|Any CPU.Build.0 = Debug|Any CPU
		{4C32CA2B-C97B-4CFF-A763-4E7CB6E041B1}.Release|Any CPU.ActiveCfg = Release|Any CPU
		{4C32CA2B-C97B-4CFF-A763-4E7CB6E041B1}.Release|Any CPU.Build.0 = Release|Any CPU
	EndGlobalSection
	GlobalSection(SolutionProperties) = preSolution
		HideSolutionNode = FALSE
	EndGlobalSection
	GlobalSection(ExtensibilityGlobals) = postSolution
		SolutionGuid = {88DF48D7-E8B7-4E9C-B8C1-00D22DBD31E5}
	EndGlobalSection
EndGlobal
